// !$*UTF8*$!
{
	archiveVersion = 1;
	classes = {
	};
	objectVersion = 55;
	objects = {

/* Begin PBXBuildFile section */
		1257DBBA28884CFE00FD3276 /* AppDelegate.swift in Sources */ = {isa = PBXBuildFile; fileRef = 1257DBB928884CFE00FD3276 /* AppDelegate.swift */; };
		1257DBBC28884CFE00FD3276 /* SceneDelegate.swift in Sources */ = {isa = PBXBuildFile; fileRef = 1257DBBB28884CFE00FD3276 /* SceneDelegate.swift */; };
		1257DBBE28884CFE00FD3276 /* ViewController.swift in Sources */ = {isa = PBXBuildFile; fileRef = 1257DBBD28884CFE00FD3276 /* ViewController.swift */; };
		1257DBC128884CFE00FD3276 /* Main.storyboard in Resources */ = {isa = PBXBuildFile; fileRef = 1257DBBF28884CFE00FD3276 /* Main.storyboard */; };
		1257DBC428884CFE00FD3276 /* MVC_TableViewSetting_20_07_22.xcdatamodeld in Sources */ = {isa = PBXBuildFile; fileRef = 1257DBC228884CFE00FD3276 /* MVC_TableViewSetting_20_07_22.xcdatamodeld */; };
		1257DBC628884D1100FD3276 /* Assets.xcassets in Resources */ = {isa = PBXBuildFile; fileRef = 1257DBC528884D1100FD3276 /* Assets.xcassets */; };
		1257DBC928884D1100FD3276 /* LaunchScreen.storyboard in Resources */ = {isa = PBXBuildFile; fileRef = 1257DBC728884D1100FD3276 /* LaunchScreen.storyboard */; };
		1257DBD128884DC700FD3276 /* Model.swift in Sources */ = {isa = PBXBuildFile; fileRef = 1257DBD028884DC600FD3276 /* Model.swift */; };
		1257DBD328884DED00FD3276 /* TableView.swift in Sources */ = {isa = PBXBuildFile; fileRef = 1257DBD228884DED00FD3276 /* TableView.swift */; };
		1257DBD528884E1B00FD3276 /* SwitchTableViewCell.swift in Sources */ = {isa = PBXBuildFile; fileRef = 1257DBD428884E1B00FD3276 /* SwitchTableViewCell.swift */; };
		1257DBD728884E3700FD3276 /* SettingTableViewCell.swift in Sources */ = {isa = PBXBuildFile; fileRef = 1257DBD628884E3700FD3276 /* SettingTableViewCell.swift */; };
/* End PBXBuildFile section */

/* Begin PBXFileReference section */
		1257DBB628884CFE00FD3276 /* MVC-TableViewSetting-20.07.22.app */ = {isa = PBXFileReference; explicitFileType = wrapper.application; includeInIndex = 0; path = "MVC-TableViewSetting-20.07.22.app"; sourceTree = BUILT_PRODUCTS_DIR; };
		1257DBB928884CFE00FD3276 /* AppDelegate.swift */ = {isa = PBXFileReference; lastKnownFileType = sourcecode.swift; path = AppDelegate.swift; sourceTree = "<group>"; };
		1257DBBB28884CFE00FD3276 /* SceneDelegate.swift */ = {isa = PBXFileReference; lastKnownFileType = sourcecode.swift; path = SceneDelegate.swift; sourceTree = "<group>"; };
		1257DBBD28884CFE00FD3276 /* ViewController.swift */ = {isa = PBXFileReference; lastKnownFileType = sourcecode.swift; path = ViewController.swift; sourceTree = "<group>"; };
		1257DBC028884CFE00FD3276 /* Base */ = {isa = PBXFileReference; lastKnownFileType = file.storyboard; name = Base; path = Base.lproj/Main.storyboard; sourceTree = "<group>"; };
		1257DBC328884CFE00FD3276 /* MVC_TableViewSetting_20_07_22.xcdatamodel */ = {isa = PBXFileReference; lastKnownFileType = wrapper.xcdatamodel; path = MVC_TableViewSetting_20_07_22.xcdatamodel; sourceTree = "<group>"; };
		1257DBC528884D1100FD3276 /* Assets.xcassets */ = {isa = PBXFileReference; lastKnownFileType = folder.assetcatalog; path = Assets.xcassets; sourceTree = "<group>"; };
		1257DBC828884D1100FD3276 /* Base */ = {isa = PBXFileReference; lastKnownFileType = file.storyboard; name = Base; path = Base.lproj/LaunchScreen.storyboard; sourceTree = "<group>"; };
		1257DBCA28884D1100FD3276 /* Info.plist */ = {isa = PBXFileReference; lastKnownFileType = text.plist.xml; path = Info.plist; sourceTree = "<group>"; };
		1257DBD028884DC600FD3276 /* Model.swift */ = {isa = PBXFileReference; lastKnownFileType = sourcecode.swift; path = Model.swift; sourceTree = "<group>"; };
		1257DBD228884DED00FD3276 /* TableView.swift */ = {isa = PBXFileReference; lastKnownFileType = sourcecode.swift; path = TableView.swift; sourceTree = "<group>"; };
		1257DBD428884E1B00FD3276 /* SwitchTableViewCell.swift */ = {isa = PBXFileReference; lastKnownFileType = sourcecode.swift; path = SwitchTableViewCell.swift; sourceTree = "<group>"; };
		1257DBD628884E3700FD3276 /* SettingTableViewCell.swift */ = {isa = PBXFileReference; lastKnownFileType = sourcecode.swift; path = SettingTableViewCell.swift; sourceTree = "<group>"; };
/* End PBXFileReference section */

/* Begin PBXFrameworksBuildPhase section */
		1257DBB328884CFD00FD3276 /* Frameworks */ = {
			isa = PBXFrameworksBuildPhase;
			buildActionMask = 2147483647;
			files = (
			);
			runOnlyForDeploymentPostprocessing = 0;
		};
/* End PBXFrameworksBuildPhase section */

/* Begin PBXGroup section */
		1257DBAD28884CFD00FD3276 = {
			isa = PBXGroup;
			children = (
				1257DBB828884CFE00FD3276 /* MVC-TableViewSetting-20.07.22 */,
				1257DBB728884CFE00FD3276 /* Products */,
			);
			sourceTree = "<group>";
		};
		1257DBB728884CFE00FD3276 /* Products */ = {
			isa = PBXGroup;
			children = (
				1257DBB628884CFE00FD3276 /* MVC-TableViewSetting-20.07.22.app */,
			);
			name = Products;
			sourceTree = "<group>";
		};
		1257DBB828884CFE00FD3276 /* MVC-TableViewSetting-20.07.22 */ = {
			isa = PBXGroup;
			children = (
				12F95EBA2889376E00C8AFE1 /* Controller */,
				12F95EB92889376700C8AFE1 /* View */,
				12F95EB82889375D00C8AFE1 /* Model */,
				1257DBB928884CFE00FD3276 /* AppDelegate.swift */,
				1257DBBB28884CFE00FD3276 /* SceneDelegate.swift */,
				1257DBC528884D1100FD3276 /* Assets.xcassets */,
				1257DBCA28884D1100FD3276 /* Info.plist */,
				1257DBC228884CFE00FD3276 /* MVC_TableViewSetting_20_07_22.xcdatamodeld */,
			);
			path = "MVC-TableViewSetting-20.07.22";
			sourceTree = "<group>";
		};
		12F95EB82889375D00C8AFE1 /* Model */ = {
			isa = PBXGroup;
			children = (
				1257DBD028884DC600FD3276 /* Model.swift */,
			);
			path = Model;
			sourceTree = "<group>";
		};
		12F95EB92889376700C8AFE1 /* View */ = {
			isa = PBXGroup;
			children = (
				1257DBD628884E3700FD3276 /* SettingTableViewCell.swift */,
				1257DBD428884E1B00FD3276 /* SwitchTableViewCell.swift */,
				1257DBD228884DED00FD3276 /* TableView.swift */,
				1257DBBF28884CFE00FD3276 /* Main.storyboard */,
				1257DBC728884D1100FD3276 /* LaunchScreen.storyboard */,
			);
			path = View;
			sourceTree = "<group>";
		};
		12F95EBA2889376E00C8AFE1 /* Controller */ = {
			isa = PBXGroup;
			children = (
				1257DBBD28884CFE00FD3276 /* ViewController.swift */,
			);
			path = Controller;
			sourceTree = "<group>";
		};
/* End PBXGroup section */

/* Begin PBXNativeTarget section */
		1257DBB528884CFD00FD3276 /* MVC-TableViewSetting-20.07.22 */ = {
			isa = PBXNativeTarget;
			buildConfigurationList = 1257DBCD28884D1100FD3276 /* Build configuration list for PBXNativeTarget "MVC-TableViewSetting-20.07.22" */;
			buildPhases = (
				1257DBB228884CFD00FD3276 /* Sources */,
				1257DBB328884CFD00FD3276 /* Frameworks */,
				1257DBB428884CFD00FD3276 /* Resources */,
			);
			buildRules = (
			);
			dependencies = (
			);
			name = "MVC-TableViewSetting-20.07.22";
			productName = "MVC-TableViewSetting-20.07.22";
			productReference = 1257DBB628884CFE00FD3276 /* MVC-TableViewSetting-20.07.22.app */;
			productType = "com.apple.product-type.application";
		};
/* End PBXNativeTarget section */

/* Begin PBXProject section */
		1257DBAE28884CFD00FD3276 /* Project object */ = {
			isa = PBXProject;
			attributes = {
				BuildIndependentTargetsInParallel = 1;
				LastSwiftUpdateCheck = 1340;
				LastUpgradeCheck = 1340;
				TargetAttributes = {
					1257DBB528884CFD00FD3276 = {
						CreatedOnToolsVersion = 13.4.1;
					};
				};
			};
			buildConfigurationList = 1257DBB128884CFD00FD3276 /* Build configuration list for PBXProject "MVC-TableViewSetting-20.07.22" */;
			compatibilityVersion = "Xcode 13.0";
			developmentRegion = en;
			hasScannedForEncodings = 0;
			knownRegions = (
				en,
				Base,
			);
			mainGroup = 1257DBAD28884CFD00FD3276;
			productRefGroup = 1257DBB728884CFE00FD3276 /* Products */;
			projectDirPath = "";
			projectRoot = "";
			targets = (
				1257DBB528884CFD00FD3276 /* MVC-TableViewSetting-20.07.22 */,
			);
		};
/* End PBXProject section */

/* Begin PBXResourcesBuildPhase section */
		1257DBB428884CFD00FD3276 /* Resources */ = {
			isa = PBXResourcesBuildPhase;
			buildActionMask = 2147483647;
			files = (
				1257DBC928884D1100FD3276 /* LaunchScreen.storyboard in Resources */,
				1257DBC628884D1100FD3276 /* Assets.xcassets in Resources */,
				1257DBC128884CFE00FD3276 /* Main.storyboard in Resources */,
			);
			runOnlyForDeploymentPostprocessing = 0;
		};
/* End PBXResourcesBuildPhase section */

/* Begin PBXSourcesBuildPhase section */
		1257DBB228884CFD00FD3276 /* Sources */ = {
			isa = PBXSourcesBuildPhase;
			buildActionMask = 2147483647;
			files = (
				1257DBD128884DC700FD3276 /* Model.swift in Sources */,
				1257DBD328884DED00FD3276 /* TableView.swift in Sources */,
				1257DBD528884E1B00FD3276 /* SwitchTableViewCell.swift in Sources */,
				1257DBBE28884CFE00FD3276 /* ViewController.swift in Sources */,
				1257DBBA28884CFE00FD3276 /* AppDelegate.swift in Sources */,
				1257DBC428884CFE00FD3276 /* MVC_TableViewSetting_20_07_22.xcdatamodeld in Sources */,
				1257DBD728884E3700FD3276 /* SettingTableViewCell.swift in Sources */,
				1257DBBC28884CFE00FD3276 /* SceneDelegate.swift in Sources */,
			);
			runOnlyForDeploymentPostprocessing = 0;
		};
/* End PBXSourcesBuildPhase section */

/* Begin PBXVariantGroup section */
		1257DBBF28884CFE00FD3276 /* Main.storyboard */ = {
			isa = PBXVariantGroup;
			children = (
				1257DBC028884CFE00FD3276 /* Base */,
			);
			name = Main.storyboard;
			sourceTree = "<group>";
		};
		1257DBC728884D1100FD3276 /* LaunchScreen.storyboard */ = {
			isa = PBXVariantGroup;
			children = (
				1257DBC828884D1100FD3276 /* Base */,
			);
			name = LaunchScreen.storyboard;
			sourceTree = "<group>";
		};
/* End PBXVariantGroup section */

/* Begin XCBuildConfiguration section */
		1257DBCB28884D1100FD3276 /* Debug */ = {
			isa = XCBuildConfiguration;
			buildSettings = {
				ALWAYS_SEARCH_USER_PATHS = NO;
				CLANG_ANALYZER_NONNULL = YES;
				CLANG_ANALYZER_NUMBER_OBJECT_CONVERSION = YES_AGGRESSIVE;
				CLANG_CXX_LANGUAGE_STANDARD = "gnu++17";
				CLANG_ENABLE_MODULES = YES;
				CLANG_ENABLE_OBJC_ARC = YES;
				CLANG_ENABLE_OBJC_WEAK = YES;
				CLANG_WARN_BLOCK_CAPTURE_AUTORELEASING = YES;
				CLANG_WARN_BOOL_CONVERSION = YES;
				CLANG_WARN_COMMA = YES;
				CLANG_WARN_CONSTANT_CONVERSION = YES;
				CLANG_WARN_DEPRECATED_OBJC_IMPLEMENTATIONS = YES;
				CLANG_WARN_DIRECT_OBJC_ISA_USAGE = YES_ERROR;
				CLANG_WARN_DOCUMENTATION_COMMENTS = YES;
				CLANG_WARN_EMPTY_BODY = YES;
				CLANG_WARN_ENUM_CONVERSION = YES;
				CLANG_WARN_INFINITE_RECURSION = YES;
				CLANG_WARN_INT_CONVERSION = YES;
				CLANG_WARN_NON_LITERAL_NULL_CONVERSION = YES;
				CLANG_WARN_OBJC_IMPLICIT_RETAIN_SELF = YES;
				CLANG_WARN_OBJC_LITERAL_CONVERSION = YES;
				CLANG_WARN_OBJC_ROOT_CLASS = YES_ERROR;
				CLANG_WARN_QUOTED_INCLUDE_IN_FRAMEWORK_HEADER = YES;
				CLANG_WARN_RANGE_LOOP_ANALYSIS = YES;
				CLANG_WARN_STRICT_PROTOTYPES = YES;
				CLANG_WARN_SUSPICIOUS_MOVE = YES;
				CLANG_WARN_UNGUARDED_AVAILABILITY = YES_AGGRESSIVE;
				CLANG_WARN_UNREACHABLE_CODE = YES;
				CLANG_WARN__DUPLICATE_METHOD_MATCH = YES;
				COPY_PHASE_STRIP = NO;
				DEBUG_INFORMATION_FORMAT = dwarf;
				ENABLE_STRICT_OBJC_MSGSEND = YES;
				ENABLE_TESTABILITY = YES;
				GCC_C_LANGUAGE_STANDARD = gnu11;
				GCC_DYNAMIC_NO_PIC = NO;
				GCC_NO_COMMON_BLOCKS = YES;
				GCC_OPTIMIZATION_LEVEL = 0;
				GCC_PREPROCESSOR_DEFINITIONS = (
					"DEBUG=1",
					"$(inherited)",
				);
				GCC_WARN_64_TO_32_BIT_CONVERSION = YES;
				GCC_WARN_ABOUT_RETURN_TYPE = YES_ERROR;
				GCC_WARN_UNDECLARED_SELECTOR = YES;
				GCC_WARN_UNINITIALIZED_AUTOS = YES_AGGRESSIVE;
				GCC_WARN_UNUSED_FUNCTION = YES;
				GCC_WARN_UNUSED_VARIABLE = YES;
				IPHONEOS_DEPLOYMENT_TARGET = 15.5;
				MTL_ENABLE_DEBUG_INFO = INCLUDE_SOURCE;
				MTL_FAST_MATH = YES;
				ONLY_ACTIVE_ARCH = YES;
				SDKROOT = iphoneos;
				SWIFT_ACTIVE_COMPILATION_CONDITIONS = DEBUG;
				SWIFT_OPTIMIZATION_LEVEL = "-Onone";
			};
			name = Debug;
		};
		1257DBCC28884D1100FD3276 /* Release */ = {
			isa = XCBuildConfiguration;
			buildSettings = {
				ALWAYS_SEARCH_USER_PATHS = NO;
				CLANG_ANALYZER_NONNULL = YES;
				CLANG_ANALYZER_NUMBER_OBJECT_CONVERSION = YES_AGGRESSIVE;
				CLANG_CXX_LANGUAGE_STANDARD = "gnu++17";
				CLANG_ENABLE_MODULES = YES;
				CLANG_ENABLE_OBJC_ARC = YES;
				CLANG_ENABLE_OBJC_WEAK = YES;
				CLANG_WARN_BLOCK_CAPTURE_AUTORELEASING = YES;
				CLANG_WARN_BOOL_CONVERSION = YES;
				CLANG_WARN_COMMA = YES;
				CLANG_WARN_CONSTANT_CONVERSION = YES;
				CLANG_WARN_DEPRECATED_OBJC_IMPLEMENTATIONS = YES;
				CLANG_WARN_DIRECT_OBJC_ISA_USAGE = YES_ERROR;
				CLANG_WARN_DOCUMENTATION_COMMENTS = YES;
				CLANG_WARN_EMPTY_BODY = YES;
				CLANG_WARN_ENUM_CONVERSION = YES;
				CLANG_WARN_INFINITE_RECURSION = YES;
				CLANG_WARN_INT_CONVERSION = YES;
				CLANG_WARN_NON_LITERAL_NULL_CONVERSION = YES;
				CLANG_WARN_OBJC_IMPLICIT_RETAIN_SELF = YES;
				CLANG_WARN_OBJC_LITERAL_CONVERSION = YES;
				CLANG_WARN_OBJC_ROOT_CLASS = YES_ERROR;
				CLANG_WARN_QUOTED_INCLUDE_IN_FRAMEWORK_HEADER = YES;
				CLANG_WARN_RANGE_LOOP_ANALYSIS = YES;
				CLANG_WARN_STRICT_PROTOTYPES = YES;
				CLANG_WARN_SUSPICIOUS_MOVE = YES;
				CLANG_WARN_UNGUARDED_AVAILABILITY = YES_AGGRESSIVE;
				CLANG_WARN_UNREACHABLE_CODE = YES;
				CLANG_WARN__DUPLICATE_METHOD_MATCH = YES;
				COPY_PHASE_STRIP = NO;
				DEBUG_INFORMATION_FORMAT = "dwarf-with-dsym";
				ENABLE_NS_ASSERTIONS = NO;
				ENABLE_STRICT_OBJC_MSGSEND = YES;
				GCC_C_LANGUAGE_STANDARD = gnu11;
				GCC_NO_COMMON_BLOCKS = YES;
				GCC_WARN_64_TO_32_BIT_CONVERSION = YES;
				GCC_WARN_ABOUT_RETURN_TYPE = YES_ERROR;
				GCC_WARN_UNDECLARED_SELECTOR = YES;
				GCC_WARN_UNINITIALIZED_AUTOS = YES_AGGRESSIVE;
				GCC_WARN_UNUSED_FUNCTION = YES;
				GCC_WARN_UNUSED_VARIABLE = YES;
				IPHONEOS_DEPLOYMENT_TARGET = 15.5;
				MTL_ENABLE_DEBUG_INFO = NO;
				MTL_FAST_MATH = YES;
				SDKROOT = iphoneos;
				SWIFT_COMPILATION_MODE = wholemodule;
				SWIFT_OPTIMIZATION_LEVEL = "-O";
				VALIDATE_PRODUCT = YES;
			};
			name = Release;
		};
		1257DBCE28884D1100FD3276 /* Debug */ = {
			isa = XCBuildConfiguration;
			buildSettings = {
				ASSETCATALOG_COMPILER_APPICON_NAME = AppIcon;
				ASSETCATALOG_COMPILER_GLOBAL_ACCENT_COLOR_NAME = AccentColor;
				CODE_SIGN_STYLE = Automatic;
				CURRENT_PROJECT_VERSION = 1;
				GENERATE_INFOPLIST_FILE = YES;
				INFOPLIST_FILE = "MVC-TableViewSetting-20.07.22/Info.plist";
				INFOPLIST_KEY_UIApplicationSupportsIndirectInputEvents = YES;
				INFOPLIST_KEY_UILaunchStoryboardName = LaunchScreen;
				INFOPLIST_KEY_UIMainStoryboardFile = Main;
				INFOPLIST_KEY_UISupportedInterfaceOrientations_iPad = "UIInterfaceOrientationPortrait UIInterfaceOrientationPortraitUpsideDown UIInterfaceOrientationLandscapeLeft UIInterfaceOrientationLandscapeRight";
				INFOPLIST_KEY_UISupportedInterfaceOrientations_iPhone = "UIInterfaceOrientationPortrait UIInterfaceOrientationLandscapeLeft UIInterfaceOrientationLandscapeRight";
				LD_RUNPATH_SEARCH_PATHS = (
					"$(inherited)",
					"@executable_path/Frameworks",
				);
				MARKETING_VERSION = 1.0;
				PRODUCT_BUNDLE_IDENTIFIER = "Pavel-Abramov.MVC-TableViewSetting-20-07-22";
				PRODUCT_NAME = "$(TARGET_NAME)";
				SWIFT_EMIT_LOC_STRINGS = YES;
				SWIFT_VERSION = 5.0;
				TARGETED_DEVICE_FAMILY = "1,2";
			};
			name = Debug;
		};
		1257DBCF28884D1100FD3276 /* Release */ = {
			isa = XCBuildConfiguration;
			buildSettings = {
				ASSETCATALOG_COMPILER_APPICON_NAME = AppIcon;
				ASSETCATALOG_COMPILER_GLOBAL_ACCENT_COLOR_NAME = AccentColor;
				CODE_SIGN_STYLE = Automatic;
				CURRENT_PROJECT_VERSION = 1;
				GENERATE_INFOPLIST_FILE = YES;
				INFOPLIST_FILE = "MVC-TableViewSetting-20.07.22/Info.plist";
				INFOPLIST_KEY_UIApplicationSupportsIndirectInputEvents = YES;
				INFOPLIST_KEY_UILaunchStoryboardName = LaunchScreen;
				INFOPLIST_KEY_UIMainStoryboardFile = Main;
				INFOPLIST_KEY_UISupportedInterfaceOrientations_iPad = "UIInterfaceOrientationPortrait UIInterfaceOrientationPortraitUpsideDown UIInterfaceOrientationLandscapeLeft UIInterfaceOrientationLandscapeRight";
				INFOPLIST_KEY_UISupportedInterfaceOrientations_iPhone = "UIInterfaceOrientationPortrait UIInterfaceOrientationLandscapeLeft UIInterfaceOrientationLandscapeRight";
				LD_RUNPATH_SEARCH_PATHS = (
					"$(inherited)",
					"@executable_path/Frameworks",
				);
				MARKETING_VERSION = 1.0;
				PRODUCT_BUNDLE_IDENTIFIER = "Pavel-Abramov.MVC-TableViewSetting-20-07-22";
				PRODUCT_NAME = "$(TARGET_NAME)";
				SWIFT_EMIT_LOC_STRINGS = YES;
				SWIFT_VERSION = 5.0;
				TARGETED_DEVICE_FAMILY = "1,2";
			};
			name = Release;
		};
/* End XCBuildConfiguration section */

/* Begin XCConfigurationList section */
		1257DBB128884CFD00FD3276 /* Build configuration list for PBXProject "MVC-TableViewSetting-20.07.22" */ = {
			isa = XCConfigurationList;
			buildConfigurations = (
				1257DBCB28884D1100FD3276 /* Debug */,
				1257DBCC28884D1100FD3276 /* Release */,
			);
			defaultConfigurationIsVisible = 0;
			defaultConfigurationName = Release;
		};
		1257DBCD28884D1100FD3276 /* Build configuration list for PBXNativeTarget "MVC-TableViewSetting-20.07.22" */ = {
			isa = XCConfigurationList;
			buildConfigurations = (
				1257DBCE28884D1100FD3276 /* Debug */,
				1257DBCF28884D1100FD3276 /* Release */,
			);
			defaultConfigurationIsVisible = 0;
			defaultConfigurationName = Release;
		};
/* End XCConfigurationList section */

/* Begin XCVersionGroup section */
		1257DBC228884CFE00FD3276 /* MVC_TableViewSetting_20_07_22.xcdatamodeld */ = {
			isa = XCVersionGroup;
			children = (
				1257DBC328884CFE00FD3276 /* MVC_TableViewSetting_20_07_22.xcdatamodel */,
			);
			currentVersion = 1257DBC328884CFE00FD3276 /* MVC_TableViewSetting_20_07_22.xcdatamodel */;
			path = MVC_TableViewSetting_20_07_22.xcdatamodeld;
			sourceTree = "<group>";
			versionGroupType = wrapper.xcdatamodel;
		};
/* End XCVersionGroup section */
	};
	rootObject = 1257DBAE28884CFD00FD3276 /* Project object */;
}
